
Microsoft Visual Studio Solution File, Format Version 12.00
# Visual Studio Version 16
VisualStudioVersion = 16.0.31624.102
MinimumVisualStudioVersion = 10.0.40219.1
Project("{8BC9CEB8-8B4A-11D0-8D11-00A0C91BC942}") = "lab_5.1", "lab_5.1.vcxproj", "{20237651-AAD6-4D89-8DED-09995B1F9C0E}"
EndProject
Project("{8BC9CEB8-8B4A-11D0-8D11-00A0C91BC942}") = "lab_5.1(unit test)", "..\lab_5.1(unit test)\lab_5.1(unit test).vcxproj", "{65EA3F87-0C34-49DA-B642-3A5885678798}"
EndProject
Global
	GlobalSection(SolutionConfigurationPlatforms) = preSolution
		Debug|x64 = Debug|x64
		Debug|x86 = Debug|x86
		Release|x64 = Release|x64
		Release|x86 = Release|x86
	EndGlobalSection
	GlobalSection(ProjectConfigurationPlatforms) = postSolution
		{20237651-AAD6-4D89-8DED-09995B1F9C0E}.Debug|x64.ActiveCfg = Debug|x64
		{20237651-AAD6-4D89-8DED-09995B1F9C0E}.Debug|x64.Build.0 = Debug|x64
		{20237651-AAD6-4D89-8DED-09995B1F9C0E}.Debug|x86.ActiveCfg = Debug|Win32
		{20237651-AAD6-4D89-8DED-09995B1F9C0E}.Debug|x86.Build.0 = Debug|Win32
		{20237651-AAD6-4D89-8DED-09995B1F9C0E}.Release|x64.ActiveCfg = Release|x64
		{20237651-AAD6-4D89-8DED-09995B1F9C0E}.Release|x64.Build.0 = Release|x64
		{20237651-AAD6-4D89-8DED-09995B1F9C0E}.Release|x86.ActiveCfg = Release|Win32
		{20237651-AAD6-4D89-8DED-09995B1F9C0E}.Release|x86.Build.0 = Release|Win32
		{65EA3F87-0C34-49DA-B642-3A5885678798}.Debug|x64.ActiveCfg = Debug|x64
		{65EA3F87-0C34-49DA-B642-3A5885678798}.Debug|x64.Build.0 = Debug|x64
		{65EA3F87-0C34-49DA-B642-3A5885678798}.Debug|x86.ActiveCfg = Debug|Win32
		{65EA3F87-0C34-49DA-B642-3A5885678798}.Debug|x86.Build.0 = Debug|Win32
		{65EA3F87-0C34-49DA-B642-3A5885678798}.Release|x64.ActiveCfg = Release|x64
		{65EA3F87-0C34-49DA-B642-3A5885678798}.Release|x64.Build.0 = Release|x64
		{65EA3F87-0C34-49DA-B642-3A5885678798}.Release|x86.ActiveCfg = Release|Win32
		{65EA3F87-0C34-49DA-B642-3A5885678798}.Release|x86.Build.0 = Release|Win32
	EndGlobalSection
	GlobalSection(SolutionProperties) = preSolution
		HideSolutionNode = FALSE
	EndGlobalSection
	GlobalSection(ExtensibilityGlobals) = postSolution
		SolutionGuid = {23A26D34-5937-486F-9416-ADF7EEFB8975}
	EndGlobalSection
EndGlobal
